
Microsoft Visual Studio Solution File, Format Version 12.00
# Visual Studio 15
VisualStudioVersion = 15.0.27428.2002
MinimumVisualStudioVersion = 10.0.40219.1
Project("{8BC9CEB8-8B4A-11D0-8D11-00A0C91BC942}") = "SDL game", "SDL game\SDL game.vcxproj", "{41F1C7B4-4975-4D19-A828-881A1BE0229A}"
EndProject
Project("{FAE04EC0-301F-11D3-BF4B-00C04F79EFBC}") = "Input", "Input\Input.csproj", "{3B637A45-A0C2-4284-974B-0310F10F37CF}"
EndProject
Project("{8BC9CEB8-8B4A-11D0-8D11-00A0C91BC942}") = "SDL game v2", "SDL game v2\SDL game v2.vcxproj", "{39819ECE-4DD6-4E13-AEAF-92BC7F7431B8}"
EndProject
Global
	GlobalSection(SolutionConfigurationPlatforms) = preSolution
		Debug|Any CPU = Debug|Any CPU
		Debug|x64 = Debug|x64
		Debug|x86 = Debug|x86
		Release|Any CPU = Release|Any CPU
		Release|x64 = Release|x64
		Release|x86 = Release|x86
	EndGlobalSection
	GlobalSection(ProjectConfigurationPlatforms) = postSolution
		{41F1C7B4-4975-4D19-A828-881A1BE0229A}.Debug|Any CPU.ActiveCfg = Debug|Win32
		{41F1C7B4-4975-4D19-A828-881A1BE0229A}.Debug|x64.ActiveCfg = Debug|x64
		{41F1C7B4-4975-4D19-A828-881A1BE0229A}.Debug|x64.Build.0 = Debug|x64
		{41F1C7B4-4975-4D19-A828-881A1BE0229A}.Debug|x86.ActiveCfg = Debug|Win32
		{41F1C7B4-4975-4D19-A828-881A1BE0229A}.Debug|x86.Build.0 = Debug|Win32
		{41F1C7B4-4975-4D19-A828-881A1BE0229A}.Release|Any CPU.ActiveCfg = Release|Win32
		{41F1C7B4-4975-4D19-A828-881A1BE0229A}.Release|x64.ActiveCfg = Release|x64
		{41F1C7B4-4975-4D19-A828-881A1BE0229A}.Release|x64.Build.0 = Release|x64
		{41F1C7B4-4975-4D19-A828-881A1BE0229A}.Release|x86.ActiveCfg = Release|Win32
		{41F1C7B4-4975-4D19-A828-881A1BE0229A}.Release|x86.Build.0 = Release|Win32
		{3B637A45-A0C2-4284-974B-0310F10F37CF}.Debug|Any CPU.ActiveCfg = Debug|Any CPU
		{3B637A45-A0C2-4284-974B-0310F10F37CF}.Debug|Any CPU.Build.0 = Debug|Any CPU
		{3B637A45-A0C2-4284-974B-0310F10F37CF}.Debug|x64.ActiveCfg = Debug|Any CPU
		{3B637A45-A0C2-4284-974B-0310F10F37CF}.Debug|x64.Build.0 = Debug|Any CPU
		{3B637A45-A0C2-4284-974B-0310F10F37CF}.Debug|x86.ActiveCfg = Debug|Any CPU
		{3B637A45-A0C2-4284-974B-0310F10F37CF}.Debug|x86.Build.0 = Debug|Any CPU
		{3B637A45-A0C2-4284-974B-0310F10F37CF}.Release|Any CPU.ActiveCfg = Release|Any CPU
		{3B637A45-A0C2-4284-974B-0310F10F37CF}.Release|Any CPU.Build.0 = Release|Any CPU
		{3B637A45-A0C2-4284-974B-0310F10F37CF}.Release|x64.ActiveCfg = Release|Any CPU
		{3B637A45-A0C2-4284-974B-0310F10F37CF}.Release|x64.Build.0 = Release|Any CPU
		{3B637A45-A0C2-4284-974B-0310F10F37CF}.Release|x86.ActiveCfg = Release|Any CPU
		{3B637A45-A0C2-4284-974B-0310F10F37CF}.Release|x86.Build.0 = Release|Any CPU
		{39819ECE-4DD6-4E13-AEAF-92BC7F7431B8}.Debug|Any CPU.ActiveCfg = Debug|Win32
		{39819ECE-4DD6-4E13-AEAF-92BC7F7431B8}.Debug|x64.ActiveCfg = Debug|x64
		{39819ECE-4DD6-4E13-AEAF-92BC7F7431B8}.Debug|x64.Build.0 = Debug|x64
		{39819ECE-4DD6-4E13-AEAF-92BC7F7431B8}.Debug|x86.ActiveCfg = Debug|Win32
		{39819ECE-4DD6-4E13-AEAF-92BC7F7431B8}.Debug|x86.Build.0 = Debug|Win32
		{39819ECE-4DD6-4E13-AEAF-92BC7F7431B8}.Release|Any CPU.ActiveCfg = Release|Win32
		{39819ECE-4DD6-4E13-AEAF-92BC7F7431B8}.Release|x64.ActiveCfg = Release|x64
		{39819ECE-4DD6-4E13-AEAF-92BC7F7431B8}.Release|x64.Build.0 = Release|x64
		{39819ECE-4DD6-4E13-AEAF-92BC7F7431B8}.Release|x86.ActiveCfg = Release|Win32
		{39819ECE-4DD6-4E13-AEAF-92BC7F7431B8}.Release|x86.Build.0 = Release|Win32
	EndGlobalSection
	GlobalSection(SolutionProperties) = preSolution
		HideSolutionNode = FALSE
	EndGlobalSection
	GlobalSection(ExtensibilityGlobals) = postSolution
		SolutionGuid = {5E362B16-2938-4B29-AEA0-324C190448E4}
	EndGlobalSection
EndGlobal
